
Microsoft Visual Studio Solution File, Format Version 12.00
# Visual Studio Version 16
VisualStudioVersion = 16.0.30011.22
MinimumVisualStudioVersion = 10.0.40219.1
Project("{FAE04EC0-301F-11D3-BF4B-00C04F79EFBC}") = "Product App", "Product App\Product App.csproj", "{4DD85FC9-EC56-4DA3-8FD4-F81D8961BD93}"
EndProject
Global
	GlobalSection(SolutionConfigurationPlatforms) = preSolution
		Debug|Any CPU = Debug|Any CPU
		Release|Any CPU = Release|Any CPU
	EndGlobalSection
	GlobalSection(ProjectConfigurationPlatforms) = postSolution
		{4DD85FC9-EC56-4DA3-8FD4-F81D8961BD93}.Debug|Any CPU.ActiveCfg = Debug|Any CPU
		{4DD85FC9-EC56-4DA3-8FD4-F81D8961BD93}.Debug|Any CPU.Build.0 = Debug|Any CPU
		{4DD85FC9-EC56-4DA3-8FD4-F81D8961BD93}.Release|Any CPU.ActiveCfg = Release|Any CPU
		{4DD85FC9-EC56-4DA3-8FD4-F81D8961BD93}.Release|Any CPU.Build.0 = Release|Any CPU
	EndGlobalSection
	GlobalSection(SolutionProperties) = preSolution
		HideSolutionNode = FALSE
	EndGlobalSection
	GlobalSection(ExtensibilityGlobals) = postSolution
		SolutionGuid = {A6779FF0-3D68-4FDF-A315-212F6A22B374}
	EndGlobalSection
EndGlobal
